// !$*UTF8*$!
{
	archiveVersion = 1;
	classes = {
	};
	objectVersion = 50;
	objects = {

/* Begin PBXBuildFile section */
		5B1805592103B36F00F48E6D /* AppDelegate.swift in Sources */ = {isa = PBXBuildFile; fileRef = 5B1805582103B36F00F48E6D /* AppDelegate.swift */; };
		5B18055B2103B36F00F48E6D /* ViewController.swift in Sources */ = {isa = PBXBuildFile; fileRef = 5B18055A2103B36F00F48E6D /* ViewController.swift */; };
		5B18055E2103B36F00F48E6D /* Main.storyboard in Resources */ = {isa = PBXBuildFile; fileRef = 5B18055C2103B36F00F48E6D /* Main.storyboard */; };
		5B1805602103B37000F48E6D /* Assets.xcassets in Resources */ = {isa = PBXBuildFile; fileRef = 5B18055F2103B37000F48E6D /* Assets.xcassets */; };
		5B1805632103B37000F48E6D /* LaunchScreen.storyboard in Resources */ = {isa = PBXBuildFile; fileRef = 5B1805612103B37000F48E6D /* LaunchScreen.storyboard */; };
		5B18056E2103B37000F48E6D /* BookTests.swift in Sources */ = {isa = PBXBuildFile; fileRef = 5B18056D2103B37000F48E6D /* BookTests.swift */; };
		5B1805812103C2D200F48E6D /* RegisterBook.storyboard in Resources */ = {isa = PBXBuildFile; fileRef = 5B1805802103C2D200F48E6D /* RegisterBook.storyboard */; };
		5B1805832103C34E00F48E6D /* RegisterBookViewController.swift in Sources */ = {isa = PBXBuildFile; fileRef = 5B1805822103C34E00F48E6D /* RegisterBookViewController.swift */; };
		5B1805862103C3BD00F48E6D /* Book.swift in Sources */ = {isa = PBXBuildFile; fileRef = 5B1805852103C3BD00F48E6D /* Book.swift */; };
		5B1805892103C5B500F48E6D /* DefaultManager.swift in Sources */ = {isa = PBXBuildFile; fileRef = 5B1805882103C5B500F48E6D /* DefaultManager.swift */; };
		99B8637E2103B6A500AB4275 /* (null) in Sources */ = {isa = PBXBuildFile; };
		99B863802103E00100AB4275 /* NotificationManager.swift in Sources */ = {isa = PBXBuildFile; fileRef = 99B8637F2103E00100AB4275 /* NotificationManager.swift */; };
		99B863832103ECD800AB4275 /* Localizable.strings in Resources */ = {isa = PBXBuildFile; fileRef = 99B863852103ECD800AB4275 /* Localizable.strings */; };
		99B863922103ED5100AB4275 /* StringKeys.swift in Sources */ = {isa = PBXBuildFile; fileRef = 99B863912103ED5100AB4275 /* StringKeys.swift */; };
		99B863952103ED8F00AB4275 /* StringExtension.swift in Sources */ = {isa = PBXBuildFile; fileRef = 99B863942103ED8F00AB4275 /* StringExtension.swift */; };
		99B863972103EFC600AB4275 /* ProgressTextManager.swift in Sources */ = {isa = PBXBuildFile; fileRef = 99B863962103EFC600AB4275 /* ProgressTextManager.swift */; };
		CB7D0E1A2103C68100A4AE82 /* (null) in Resources */ = {isa = PBXBuildFile; };
		CB7D0E1C2103C80E00A4AE82 /* (null) in Sources */ = {isa = PBXBuildFile; };
		CB7D0E262103E1E000A4AE82 /* Reading.storyboard in Resources */ = {isa = PBXBuildFile; fileRef = CB7D0E242103E1E000A4AE82 /* Reading.storyboard */; };
		CB7D0E272103E1E000A4AE82 /* ReadingViewController.swift in Sources */ = {isa = PBXBuildFile; fileRef = CB7D0E252103E1E000A4AE82 /* ReadingViewController.swift */; };
		E930112E2103E4A70045AA95 /* Utils.swift in Sources */ = {isa = PBXBuildFile; fileRef = E930112A2103E4A70045AA95 /* Utils.swift */; };
		E930112F2103E4A70045AA95 /* CircularSlider.swift in Sources */ = {isa = PBXBuildFile; fileRef = E930112B2103E4A70045AA95 /* CircularSlider.swift */; };
		E93011302103E4A70045AA95 /* CircularSlider.xib in Resources */ = {isa = PBXBuildFile; fileRef = E930112C2103E4A70045AA95 /* CircularSlider.xib */; };
		E93011312103E4A70045AA95 /* RotationGesture.swift in Sources */ = {isa = PBXBuildFile; fileRef = E930112D2103E4A70045AA95 /* RotationGesture.swift */; };
/* End PBXBuildFile section */

/* Begin PBXContainerItemProxy section */
		5B18056A2103B37000F48E6D /* PBXContainerItemProxy */ = {
			isa = PBXContainerItemProxy;
			containerPortal = 5B18054D2103B36F00F48E6D /* Project object */;
			proxyType = 1;
			remoteGlobalIDString = 5B1805542103B36F00F48E6D;
			remoteInfo = Book;
		};
/* End PBXContainerItemProxy section */

/* Begin PBXFileReference section */
		5B1805552103B36F00F48E6D /* Book.app */ = {isa = PBXFileReference; explicitFileType = wrapper.application; includeInIndex = 0; path = Book.app; sourceTree = BUILT_PRODUCTS_DIR; };
		5B1805582103B36F00F48E6D /* AppDelegate.swift */ = {isa = PBXFileReference; lastKnownFileType = sourcecode.swift; path = AppDelegate.swift; sourceTree = "<group>"; };
		5B18055A2103B36F00F48E6D /* ViewController.swift */ = {isa = PBXFileReference; lastKnownFileType = sourcecode.swift; path = ViewController.swift; sourceTree = "<group>"; };
		5B18055D2103B36F00F48E6D /* Base */ = {isa = PBXFileReference; lastKnownFileType = file.storyboard; name = Base; path = Base.lproj/Main.storyboard; sourceTree = "<group>"; };
		5B18055F2103B37000F48E6D /* Assets.xcassets */ = {isa = PBXFileReference; lastKnownFileType = folder.assetcatalog; path = Assets.xcassets; sourceTree = "<group>"; };
		5B1805622103B37000F48E6D /* Base */ = {isa = PBXFileReference; lastKnownFileType = file.storyboard; name = Base; path = Base.lproj/LaunchScreen.storyboard; sourceTree = "<group>"; };
		5B1805642103B37000F48E6D /* Info.plist */ = {isa = PBXFileReference; lastKnownFileType = text.plist.xml; path = Info.plist; sourceTree = "<group>"; };
		5B1805692103B37000F48E6D /* BookTests.xctest */ = {isa = PBXFileReference; explicitFileType = wrapper.cfbundle; includeInIndex = 0; path = BookTests.xctest; sourceTree = BUILT_PRODUCTS_DIR; };
		5B18056D2103B37000F48E6D /* BookTests.swift */ = {isa = PBXFileReference; lastKnownFileType = sourcecode.swift; path = BookTests.swift; sourceTree = "<group>"; };
		5B18056F2103B37000F48E6D /* Info.plist */ = {isa = PBXFileReference; lastKnownFileType = text.plist.xml; path = Info.plist; sourceTree = "<group>"; };
		5B1805802103C2D200F48E6D /* RegisterBook.storyboard */ = {isa = PBXFileReference; lastKnownFileType = file.storyboard; path = RegisterBook.storyboard; sourceTree = "<group>"; };
		5B1805822103C34E00F48E6D /* RegisterBookViewController.swift */ = {isa = PBXFileReference; lastKnownFileType = sourcecode.swift; path = RegisterBookViewController.swift; sourceTree = "<group>"; };
		5B1805852103C3BD00F48E6D /* Book.swift */ = {isa = PBXFileReference; lastKnownFileType = sourcecode.swift; path = Book.swift; sourceTree = "<group>"; };
		5B1805882103C5B500F48E6D /* DefaultManager.swift */ = {isa = PBXFileReference; lastKnownFileType = sourcecode.swift; path = DefaultManager.swift; sourceTree = "<group>"; };
		99B8637F2103E00100AB4275 /* NotificationManager.swift */ = {isa = PBXFileReference; fileEncoding = 4; lastKnownFileType = sourcecode.swift; path = NotificationManager.swift; sourceTree = "<group>"; };
		99B863842103ECD800AB4275 /* en */ = {isa = PBXFileReference; lastKnownFileType = text.plist.strings; name = en; path = en.lproj/Localizable.strings; sourceTree = "<group>"; };
		99B863862103ECE200AB4275 /* nl */ = {isa = PBXFileReference; lastKnownFileType = text.plist.strings; name = nl; path = nl.lproj/Main.strings; sourceTree = "<group>"; };
		99B863872103ECE200AB4275 /* nl */ = {isa = PBXFileReference; lastKnownFileType = text.plist.strings; name = nl; path = nl.lproj/LaunchScreen.strings; sourceTree = "<group>"; };
		99B863882103ECE200AB4275 /* nl */ = {isa = PBXFileReference; lastKnownFileType = text.plist.strings; name = nl; path = nl.lproj/Localizable.strings; sourceTree = "<group>"; };
		99B863892103ECE800AB4275 /* pt-BR */ = {isa = PBXFileReference; lastKnownFileType = text.plist.strings; name = "pt-BR"; path = "pt-BR.lproj/Main.strings"; sourceTree = "<group>"; };
		99B8638A2103ECE800AB4275 /* pt-BR */ = {isa = PBXFileReference; lastKnownFileType = text.plist.strings; name = "pt-BR"; path = "pt-BR.lproj/LaunchScreen.strings"; sourceTree = "<group>"; };
		99B8638B2103ECE800AB4275 /* pt-BR */ = {isa = PBXFileReference; lastKnownFileType = text.plist.strings; name = "pt-BR"; path = "pt-BR.lproj/Localizable.strings"; sourceTree = "<group>"; };
		99B8638C2103ECF400AB4275 /* es */ = {isa = PBXFileReference; lastKnownFileType = text.plist.strings; name = es; path = es.lproj/Main.strings; sourceTree = "<group>"; };
		99B8638D2103ECF400AB4275 /* es */ = {isa = PBXFileReference; lastKnownFileType = text.plist.strings; name = es; path = es.lproj/LaunchScreen.strings; sourceTree = "<group>"; };
		99B8638E2103ECF400AB4275 /* es */ = {isa = PBXFileReference; lastKnownFileType = text.plist.strings; name = es; path = es.lproj/Localizable.strings; sourceTree = "<group>"; };
		99B8638F2103ED0800AB4275 /* Base */ = {isa = PBXFileReference; lastKnownFileType = text.plist.strings; name = Base; path = Base.lproj/Localizable.strings; sourceTree = "<group>"; };
		99B863912103ED5100AB4275 /* StringKeys.swift */ = {isa = PBXFileReference; lastKnownFileType = sourcecode.swift; path = StringKeys.swift; sourceTree = "<group>"; };
		99B863942103ED8F00AB4275 /* StringExtension.swift */ = {isa = PBXFileReference; lastKnownFileType = sourcecode.swift; path = StringExtension.swift; sourceTree = "<group>"; };
		99B863962103EFC600AB4275 /* ProgressTextManager.swift */ = {isa = PBXFileReference; lastKnownFileType = sourcecode.swift; path = ProgressTextManager.swift; sourceTree = "<group>"; };
		CB7D0E242103E1E000A4AE82 /* Reading.storyboard */ = {isa = PBXFileReference; fileEncoding = 4; lastKnownFileType = file.storyboard; path = Reading.storyboard; sourceTree = "<group>"; };
		CB7D0E252103E1E000A4AE82 /* ReadingViewController.swift */ = {isa = PBXFileReference; fileEncoding = 4; lastKnownFileType = sourcecode.swift; path = ReadingViewController.swift; sourceTree = "<group>"; };
		E930112A2103E4A70045AA95 /* Utils.swift */ = {isa = PBXFileReference; fileEncoding = 4; lastKnownFileType = sourcecode.swift; path = Utils.swift; sourceTree = "<group>"; };
		E930112B2103E4A70045AA95 /* CircularSlider.swift */ = {isa = PBXFileReference; fileEncoding = 4; lastKnownFileType = sourcecode.swift; path = CircularSlider.swift; sourceTree = "<group>"; };
		E930112C2103E4A70045AA95 /* CircularSlider.xib */ = {isa = PBXFileReference; fileEncoding = 4; lastKnownFileType = file.xib; path = CircularSlider.xib; sourceTree = "<group>"; };
		E930112D2103E4A70045AA95 /* RotationGesture.swift */ = {isa = PBXFileReference; fileEncoding = 4; lastKnownFileType = sourcecode.swift; path = RotationGesture.swift; sourceTree = "<group>"; };
/* End PBXFileReference section */

/* Begin PBXFrameworksBuildPhase section */
		5B1805522103B36F00F48E6D /* Frameworks */ = {
			isa = PBXFrameworksBuildPhase;
			buildActionMask = 2147483647;
			files = (
			);
			runOnlyForDeploymentPostprocessing = 0;
		};
		5B1805662103B37000F48E6D /* Frameworks */ = {
			isa = PBXFrameworksBuildPhase;
			buildActionMask = 2147483647;
			files = (
			);
			runOnlyForDeploymentPostprocessing = 0;
		};
/* End PBXFrameworksBuildPhase section */

/* Begin PBXGroup section */
		5B18054C2103B36F00F48E6D = {
			isa = PBXGroup;
			children = (
				5B1805572103B36F00F48E6D /* Book */,
				5B18056C2103B37000F48E6D /* BookTests */,
				5B1805562103B36F00F48E6D /* Products */,
			);
			sourceTree = "<group>";
		};
		5B1805562103B36F00F48E6D /* Products */ = {
			isa = PBXGroup;
			children = (
				5B1805552103B36F00F48E6D /* Book.app */,
				5B1805692103B37000F48E6D /* BookTests.xctest */,
			);
			name = Products;
			sourceTree = "<group>";
		};
		5B1805572103B36F00F48E6D /* Book */ = {
			isa = PBXGroup;
			children = (
				99B863932103ED6600AB4275 /* Extension */,
				E93011282103E48F0045AA95 /* Classes */,
				99B8637C2103B69000AB4275 /* Manager */,
				5B1805792103B39400F48E6D /* Scenes */,
				5B1805782103B37D00F48E6D /* Supporting Files */,
			);
			path = Book;
			sourceTree = "<group>";
		};
		5B18056C2103B37000F48E6D /* BookTests */ = {
			isa = PBXGroup;
			children = (
				5B18056D2103B37000F48E6D /* BookTests.swift */,
				5B18056F2103B37000F48E6D /* Info.plist */,
			);
			path = BookTests;
			sourceTree = "<group>";
		};
		5B1805782103B37D00F48E6D /* Supporting Files */ = {
			isa = PBXGroup;
			children = (
				5B1805582103B36F00F48E6D /* AppDelegate.swift */,
				5B18055F2103B37000F48E6D /* Assets.xcassets */,
				5B1805612103B37000F48E6D /* LaunchScreen.storyboard */,
				5B1805642103B37000F48E6D /* Info.plist */,
				99B863852103ECD800AB4275 /* Localizable.strings */,
			);
			path = "Supporting Files";
			sourceTree = "<group>";
		};
		5B1805792103B39400F48E6D /* Scenes */ = {
			isa = PBXGroup;
			children = (
				CB7D0E282103E1E600A4AE82 /* ReadingBook */,
				5B1805872103C5A600F48E6D /* Common */,
				5B1805842103C3AA00F48E6D /* Model */,
				5B18057F2103C2B200F48E6D /* RegisteBook */,
				5B18057B2103B3A100F48E6D /* Main */,
				5B18057A2103B39C00F48E6D /* Login */,
			);
			path = Scenes;
			sourceTree = "<group>";
		};
		5B18057A2103B39C00F48E6D /* Login */ = {
			isa = PBXGroup;
			children = (
			);
			path = Login;
			sourceTree = "<group>";
		};
		5B18057B2103B3A100F48E6D /* Main */ = {
			isa = PBXGroup;
			children = (
				5B18055A2103B36F00F48E6D /* ViewController.swift */,
				5B18055C2103B36F00F48E6D /* Main.storyboard */,
			);
			path = Main;
			sourceTree = "<group>";
		};
		5B18057F2103C2B200F48E6D /* RegisteBook */ = {
			isa = PBXGroup;
			children = (
				5B1805802103C2D200F48E6D /* RegisterBook.storyboard */,
				5B1805822103C34E00F48E6D /* RegisterBookViewController.swift */,
			);
			path = RegisteBook;
			sourceTree = "<group>";
		};
		5B1805842103C3AA00F48E6D /* Model */ = {
			isa = PBXGroup;
			children = (
				5B1805852103C3BD00F48E6D /* Book.swift */,
			);
			path = Model;
			sourceTree = "<group>";
		};
		5B1805872103C5A600F48E6D /* Common */ = {
			isa = PBXGroup;
			children = (
				5B1805882103C5B500F48E6D /* DefaultManager.swift */,
			);
			path = Common;
			sourceTree = "<group>";
		};
		99B8637C2103B69000AB4275 /* Manager */ = {
			isa = PBXGroup;
			children = (
				99B8637F2103E00100AB4275 /* NotificationManager.swift */,
				99B863912103ED5100AB4275 /* StringKeys.swift */,
				99B863962103EFC600AB4275 /* ProgressTextManager.swift */,
			);
			path = Manager;
			sourceTree = "<group>";
		};
		99B863932103ED6600AB4275 /* Extension */ = {
			isa = PBXGroup;
			children = (
				99B863942103ED8F00AB4275 /* StringExtension.swift */,
			);
			path = Extension;
			sourceTree = "<group>";
		};
		CB7D0E282103E1E600A4AE82 /* ReadingBook */ = {
			isa = PBXGroup;
			children = (
				CB7D0E242103E1E000A4AE82 /* Reading.storyboard */,
				CB7D0E252103E1E000A4AE82 /* ReadingViewController.swift */,
			);
			name = ReadingBook;
			sourceTree = "<group>";
		};
		E93011282103E48F0045AA95 /* Classes */ = {
			isa = PBXGroup;
			children = (
				E93011292103E49A0045AA95 /* CircularSlider */,
			);
			path = Classes;
			sourceTree = "<group>";
		};
		E93011292103E49A0045AA95 /* CircularSlider */ = {
			isa = PBXGroup;
			children = (
				E930112B2103E4A70045AA95 /* CircularSlider.swift */,
				E930112C2103E4A70045AA95 /* CircularSlider.xib */,
				E930112D2103E4A70045AA95 /* RotationGesture.swift */,
				E930112A2103E4A70045AA95 /* Utils.swift */,
			);
			path = CircularSlider;
			sourceTree = "<group>";
		};
/* End PBXGroup section */

/* Begin PBXNativeTarget section */
		5B1805542103B36F00F48E6D /* Book */ = {
			isa = PBXNativeTarget;
			buildConfigurationList = 5B1805722103B37000F48E6D /* Build configuration list for PBXNativeTarget "Book" */;
			buildPhases = (
				5B1805512103B36F00F48E6D /* Sources */,
				5B1805522103B36F00F48E6D /* Frameworks */,
				5B1805532103B36F00F48E6D /* Resources */,
			);
			buildRules = (
			);
			dependencies = (
			);
			name = Book;
			productName = Book;
			productReference = 5B1805552103B36F00F48E6D /* Book.app */;
			productType = "com.apple.product-type.application";
		};
		5B1805682103B37000F48E6D /* BookTests */ = {
			isa = PBXNativeTarget;
			buildConfigurationList = 5B1805752103B37000F48E6D /* Build configuration list for PBXNativeTarget "BookTests" */;
			buildPhases = (
				5B1805652103B37000F48E6D /* Sources */,
				5B1805662103B37000F48E6D /* Frameworks */,
				5B1805672103B37000F48E6D /* Resources */,
			);
			buildRules = (
			);
			dependencies = (
				5B18056B2103B37000F48E6D /* PBXTargetDependency */,
			);
			name = BookTests;
			productName = BookTests;
			productReference = 5B1805692103B37000F48E6D /* BookTests.xctest */;
			productType = "com.apple.product-type.bundle.unit-test";
		};
/* End PBXNativeTarget section */

/* Begin PBXProject section */
		5B18054D2103B36F00F48E6D /* Project object */ = {
			isa = PBXProject;
			attributes = {
				LastSwiftUpdateCheck = 0940;
				LastUpgradeCheck = 0940;
				ORGANIZATIONNAME = "Rodrigo Leite";
				TargetAttributes = {
					5B1805542103B36F00F48E6D = {
						CreatedOnToolsVersion = 9.4.1;
					};
					5B1805682103B37000F48E6D = {
						CreatedOnToolsVersion = 9.4.1;
						TestTargetID = 5B1805542103B36F00F48E6D;
					};
				};
			};
			buildConfigurationList = 5B1805502103B36F00F48E6D /* Build configuration list for PBXProject "Book" */;
			compatibilityVersion = "Xcode 9.3";
			developmentRegion = en;
			hasScannedForEncodings = 0;
			knownRegions = (
				en,
				Base,
				nl,
				"pt-BR",
				es,
			);
			mainGroup = 5B18054C2103B36F00F48E6D;
			productRefGroup = 5B1805562103B36F00F48E6D /* Products */;
			projectDirPath = "";
			projectRoot = "";
			targets = (
				5B1805542103B36F00F48E6D /* Book */,
				5B1805682103B37000F48E6D /* BookTests */,
			);
		};
/* End PBXProject section */

/* Begin PBXResourcesBuildPhase section */
		5B1805532103B36F00F48E6D /* Resources */ = {
			isa = PBXResourcesBuildPhase;
			buildActionMask = 2147483647;
			files = (
				5B1805632103B37000F48E6D /* LaunchScreen.storyboard in Resources */,
				CB7D0E1A2103C68100A4AE82 /* (null) in Resources */,
				5B1805602103B37000F48E6D /* Assets.xcassets in Resources */,
				CB7D0E262103E1E000A4AE82 /* Reading.storyboard in Resources */,
				5B1805812103C2D200F48E6D /* RegisterBook.storyboard in Resources */,
				99B863832103ECD800AB4275 /* Localizable.strings in Resources */,
				E93011302103E4A70045AA95 /* CircularSlider.xib in Resources */,
				5B18055E2103B36F00F48E6D /* Main.storyboard in Resources */,
			);
			runOnlyForDeploymentPostprocessing = 0;
		};
		5B1805672103B37000F48E6D /* Resources */ = {
			isa = PBXResourcesBuildPhase;
			buildActionMask = 2147483647;
			files = (
			);
			runOnlyForDeploymentPostprocessing = 0;
		};
/* End PBXResourcesBuildPhase section */

/* Begin PBXSourcesBuildPhase section */
		5B1805512103B36F00F48E6D /* Sources */ = {
			isa = PBXSourcesBuildPhase;
			buildActionMask = 2147483647;
			files = (
				E930112F2103E4A70045AA95 /* CircularSlider.swift in Sources */,
				99B8637E2103B6A500AB4275 /* (null) in Sources */,
				5B1805862103C3BD00F48E6D /* Book.swift in Sources */,
				5B18055B2103B36F00F48E6D /* ViewController.swift in Sources */,
				5B1805592103B36F00F48E6D /* AppDelegate.swift in Sources */,
				99B863972103EFC600AB4275 /* ProgressTextManager.swift in Sources */,
				99B863802103E00100AB4275 /* NotificationManager.swift in Sources */,
				E930112E2103E4A70045AA95 /* Utils.swift in Sources */,
				E93011312103E4A70045AA95 /* RotationGesture.swift in Sources */,
				99B863952103ED8F00AB4275 /* StringExtension.swift in Sources */,
				99B863922103ED5100AB4275 /* StringKeys.swift in Sources */,
				CB7D0E272103E1E000A4AE82 /* ReadingViewController.swift in Sources */,
				5B1805832103C34E00F48E6D /* RegisterBookViewController.swift in Sources */,
				5B1805892103C5B500F48E6D /* DefaultManager.swift in Sources */,
				CB7D0E1C2103C80E00A4AE82 /* (null) in Sources */,
			);
			runOnlyForDeploymentPostprocessing = 0;
		};
		5B1805652103B37000F48E6D /* Sources */ = {
			isa = PBXSourcesBuildPhase;
			buildActionMask = 2147483647;
			files = (
				5B18056E2103B37000F48E6D /* BookTests.swift in Sources */,
			);
			runOnlyForDeploymentPostprocessing = 0;
		};
/* End PBXSourcesBuildPhase section */

/* Begin PBXTargetDependency section */
		5B18056B2103B37000F48E6D /* PBXTargetDependency */ = {
			isa = PBXTargetDependency;
			target = 5B1805542103B36F00F48E6D /* Book */;
			targetProxy = 5B18056A2103B37000F48E6D /* PBXContainerItemProxy */;
		};
/* End PBXTargetDependency section */

/* Begin PBXVariantGroup section */
		5B18055C2103B36F00F48E6D /* Main.storyboard */ = {
			isa = PBXVariantGroup;
			children = (
				5B18055D2103B36F00F48E6D /* Base */,
				99B863862103ECE200AB4275 /* nl */,
				99B863892103ECE800AB4275 /* pt-BR */,
				99B8638C2103ECF400AB4275 /* es */,
			);
			name = Main.storyboard;
			sourceTree = "<group>";
		};
		5B1805612103B37000F48E6D /* LaunchScreen.storyboard */ = {
			isa = PBXVariantGroup;
			children = (
				5B1805622103B37000F48E6D /* Base */,
				99B863872103ECE200AB4275 /* nl */,
				99B8638A2103ECE800AB4275 /* pt-BR */,
				99B8638D2103ECF400AB4275 /* es */,
			);
			name = LaunchScreen.storyboard;
			sourceTree = "<group>";
		};
		99B863852103ECD800AB4275 /* Localizable.strings */ = {
			isa = PBXVariantGroup;
			children = (
				99B863842103ECD800AB4275 /* en */,
				99B863882103ECE200AB4275 /* nl */,
				99B8638B2103ECE800AB4275 /* pt-BR */,
				99B8638E2103ECF400AB4275 /* es */,
				99B8638F2103ED0800AB4275 /* Base */,
			);
			name = Localizable.strings;
			sourceTree = "<group>";
		};
/* End PBXVariantGroup section */

/* Begin XCBuildConfiguration section */
		5B1805702103B37000F48E6D /* Debug */ = {
			isa = XCBuildConfiguration;
			buildSettings = {
				ALWAYS_SEARCH_USER_PATHS = NO;
				CLANG_ANALYZER_LOCALIZABILITY_NONLOCALIZED = YES;
				CLANG_ANALYZER_NONNULL = YES;
				CLANG_ANALYZER_NUMBER_OBJECT_CONVERSION = YES_AGGRESSIVE;
				CLANG_CXX_LANGUAGE_STANDARD = "gnu++14";
				CLANG_CXX_LIBRARY = "libc++";
				CLANG_ENABLE_MODULES = YES;
				CLANG_ENABLE_OBJC_ARC = YES;
				CLANG_ENABLE_OBJC_WEAK = YES;
				CLANG_WARN_BLOCK_CAPTURE_AUTORELEASING = YES;
				CLANG_WARN_BOOL_CONVERSION = YES;
				CLANG_WARN_COMMA = YES;
				CLANG_WARN_CONSTANT_CONVERSION = YES;
				CLANG_WARN_DEPRECATED_OBJC_IMPLEMENTATIONS = YES;
				CLANG_WARN_DIRECT_OBJC_ISA_USAGE = YES_ERROR;
				CLANG_WARN_DOCUMENTATION_COMMENTS = YES;
				CLANG_WARN_EMPTY_BODY = YES;
				CLANG_WARN_ENUM_CONVERSION = YES;
				CLANG_WARN_INFINITE_RECURSION = YES;
				CLANG_WARN_INT_CONVERSION = YES;
				CLANG_WARN_NON_LITERAL_NULL_CONVERSION = YES;
				CLANG_WARN_OBJC_IMPLICIT_RETAIN_SELF = YES;
				CLANG_WARN_OBJC_LITERAL_CONVERSION = YES;
				CLANG_WARN_OBJC_ROOT_CLASS = YES_ERROR;
				CLANG_WARN_RANGE_LOOP_ANALYSIS = YES;
				CLANG_WARN_STRICT_PROTOTYPES = YES;
				CLANG_WARN_SUSPICIOUS_MOVE = YES;
				CLANG_WARN_UNGUARDED_AVAILABILITY = YES_AGGRESSIVE;
				CLANG_WARN_UNREACHABLE_CODE = YES;
				CLANG_WARN__DUPLICATE_METHOD_MATCH = YES;
				CODE_SIGN_IDENTITY = "iPhone Developer";
				COPY_PHASE_STRIP = NO;
				DEBUG_INFORMATION_FORMAT = dwarf;
				ENABLE_STRICT_OBJC_MSGSEND = YES;
				ENABLE_TESTABILITY = YES;
				GCC_C_LANGUAGE_STANDARD = gnu11;
				GCC_DYNAMIC_NO_PIC = NO;
				GCC_NO_COMMON_BLOCKS = YES;
				GCC_OPTIMIZATION_LEVEL = 0;
				GCC_PREPROCESSOR_DEFINITIONS = (
					"DEBUG=1",
					"$(inherited)",
				);
				GCC_WARN_64_TO_32_BIT_CONVERSION = YES;
				GCC_WARN_ABOUT_RETURN_TYPE = YES_ERROR;
				GCC_WARN_UNDECLARED_SELECTOR = YES;
				GCC_WARN_UNINITIALIZED_AUTOS = YES_AGGRESSIVE;
				GCC_WARN_UNUSED_FUNCTION = YES;
				GCC_WARN_UNUSED_VARIABLE = YES;
				IPHONEOS_DEPLOYMENT_TARGET = 11.4;
				MTL_ENABLE_DEBUG_INFO = YES;
				ONLY_ACTIVE_ARCH = YES;
				SDKROOT = iphoneos;
				SWIFT_ACTIVE_COMPILATION_CONDITIONS = DEBUG;
				SWIFT_OPTIMIZATION_LEVEL = "-Onone";
			};
			name = Debug;
		};
		5B1805712103B37000F48E6D /* Release */ = {
			isa = XCBuildConfiguration;
			buildSettings = {
				ALWAYS_SEARCH_USER_PATHS = NO;
				CLANG_ANALYZER_LOCALIZABILITY_NONLOCALIZED = YES;
				CLANG_ANALYZER_NONNULL = YES;
				CLANG_ANALYZER_NUMBER_OBJECT_CONVERSION = YES_AGGRESSIVE;
				CLANG_CXX_LANGUAGE_STANDARD = "gnu++14";
				CLANG_CXX_LIBRARY = "libc++";
				CLANG_ENABLE_MODULES = YES;
				CLANG_ENABLE_OBJC_ARC = YES;
				CLANG_ENABLE_OBJC_WEAK = YES;
				CLANG_WARN_BLOCK_CAPTURE_AUTORELEASING = YES;
				CLANG_WARN_BOOL_CONVERSION = YES;
				CLANG_WARN_COMMA = YES;
				CLANG_WARN_CONSTANT_CONVERSION = YES;
				CLANG_WARN_DEPRECATED_OBJC_IMPLEMENTATIONS = YES;
				CLANG_WARN_DIRECT_OBJC_ISA_USAGE = YES_ERROR;
				CLANG_WARN_DOCUMENTATION_COMMENTS = YES;
				CLANG_WARN_EMPTY_BODY = YES;
				CLANG_WARN_ENUM_CONVERSION = YES;
				CLANG_WARN_INFINITE_RECURSION = YES;
				CLANG_WARN_INT_CONVERSION = YES;
				CLANG_WARN_NON_LITERAL_NULL_CONVERSION = YES;
				CLANG_WARN_OBJC_IMPLICIT_RETAIN_SELF = YES;
				CLANG_WARN_OBJC_LITERAL_CONVERSION = YES;
				CLANG_WARN_OBJC_ROOT_CLASS = YES_ERROR;
				CLANG_WARN_RANGE_LOOP_ANALYSIS = YES;
				CLANG_WARN_STRICT_PROTOTYPES = YES;
				CLANG_WARN_SUSPICIOUS_MOVE = YES;
				CLANG_WARN_UNGUARDED_AVAILABILITY = YES_AGGRESSIVE;
				CLANG_WARN_UNREACHABLE_CODE = YES;
				CLANG_WARN__DUPLICATE_METHOD_MATCH = YES;
				CODE_SIGN_IDENTITY = "iPhone Developer";
				COPY_PHASE_STRIP = NO;
				DEBUG_INFORMATION_FORMAT = "dwarf-with-dsym";
				ENABLE_NS_ASSERTIONS = NO;
				ENABLE_STRICT_OBJC_MSGSEND = YES;
				GCC_C_LANGUAGE_STANDARD = gnu11;
				GCC_NO_COMMON_BLOCKS = YES;
				GCC_WARN_64_TO_32_BIT_CONVERSION = YES;
				GCC_WARN_ABOUT_RETURN_TYPE = YES_ERROR;
				GCC_WARN_UNDECLARED_SELECTOR = YES;
				GCC_WARN_UNINITIALIZED_AUTOS = YES_AGGRESSIVE;
				GCC_WARN_UNUSED_FUNCTION = YES;
				GCC_WARN_UNUSED_VARIABLE = YES;
				IPHONEOS_DEPLOYMENT_TARGET = 11.4;
				MTL_ENABLE_DEBUG_INFO = NO;
				SDKROOT = iphoneos;
				SWIFT_COMPILATION_MODE = wholemodule;
				SWIFT_OPTIMIZATION_LEVEL = "-O";
				VALIDATE_PRODUCT = YES;
			};
			name = Release;
		};
		5B1805732103B37000F48E6D /* Debug */ = {
			isa = XCBuildConfiguration;
			buildSettings = {
				ASSETCATALOG_COMPILER_APPICON_NAME = AppIcon;
				CODE_SIGN_STYLE = Automatic;
				DEVELOPMENT_TEAM = W9C5RFHWCR;
				INFOPLIST_FILE = "$(SRCROOT)/Book/Supporting Files/Info.plist";
				IPHONEOS_DEPLOYMENT_TARGET = 10.0;
				LD_RUNPATH_SEARCH_PATHS = (
					"$(inherited)",
					"@executable_path/Frameworks",
				);
				PRODUCT_BUNDLE_IDENTIFIER = com.kobe.Book;
				PRODUCT_NAME = "$(TARGET_NAME)";
				SWIFT_VERSION = 4.0;
				TARGETED_DEVICE_FAMILY = 1;
			};
			name = Debug;
		};
		5B1805742103B37000F48E6D /* Release */ = {
			isa = XCBuildConfiguration;
			buildSettings = {
				ASSETCATALOG_COMPILER_APPICON_NAME = AppIcon;
				CODE_SIGN_STYLE = Automatic;
				DEVELOPMENT_TEAM = W9C5RFHWCR;
				INFOPLIST_FILE = "$(SRCROOT)/Book/Supporting Files/Info.plist";
				IPHONEOS_DEPLOYMENT_TARGET = 10.0;
				LD_RUNPATH_SEARCH_PATHS = (
					"$(inherited)",
					"@executable_path/Frameworks",
				);
				PRODUCT_BUNDLE_IDENTIFIER = com.kobe.Book;
				PRODUCT_NAME = "$(TARGET_NAME)";
				SWIFT_VERSION = 4.0;
				TARGETED_DEVICE_FAMILY = 1;
			};
			name = Release;
		};
		5B1805762103B37000F48E6D /* Debug */ = {
			isa = XCBuildConfiguration;
			buildSettings = {
				ALWAYS_EMBED_SWIFT_STANDARD_LIBRARIES = YES;
				BUNDLE_LOADER = "$(TEST_HOST)";
				CODE_SIGN_STYLE = Automatic;
				DEVELOPMENT_TEAM = W9C5RFHWCR;
				INFOPLIST_FILE = BookTests/Info.plist;
				LD_RUNPATH_SEARCH_PATHS = (
					"$(inherited)",
					"@executable_path/Frameworks",
					"@loader_path/Frameworks",
				);
				PRODUCT_BUNDLE_IDENTIFIER = com.kobe.BookTests;
				PRODUCT_NAME = "$(TARGET_NAME)";
				SWIFT_VERSION = 4.0;
				TARGETED_DEVICE_FAMILY = "1,2";
				TEST_HOST = "$(BUILT_PRODUCTS_DIR)/Book.app/Book";
			};
			name = Debug;
		};
		5B1805772103B37000F48E6D /* Release */ = {
			isa = XCBuildConfiguration;
			buildSettings = {
				ALWAYS_EMBED_SWIFT_STANDARD_LIBRARIES = YES;
				BUNDLE_LOADER = "$(TEST_HOST)";
				CODE_SIGN_STYLE = Automatic;
				DEVELOPMENT_TEAM = W9C5RFHWCR;
				INFOPLIST_FILE = BookTests/Info.plist;
				LD_RUNPATH_SEARCH_PATHS = (
					"$(inherited)",
					"@executable_path/Frameworks",
					"@loader_path/Frameworks",
				);
				PRODUCT_BUNDLE_IDENTIFIER = com.kobe.BookTests;
				PRODUCT_NAME = "$(TARGET_NAME)";
				SWIFT_VERSION = 4.0;
				TARGETED_DEVICE_FAMILY = "1,2";
				TEST_HOST = "$(BUILT_PRODUCTS_DIR)/Book.app/Book";
			};
			name = Release;
		};
/* End XCBuildConfiguration section */

/* Begin XCConfigurationList section */
		5B1805502103B36F00F48E6D /* Build configuration list for PBXProject "Book" */ = {
			isa = XCConfigurationList;
			buildConfigurations = (
				5B1805702103B37000F48E6D /* Debug */,
				5B1805712103B37000F48E6D /* Release */,
			);
			defaultConfigurationIsVisible = 0;
			defaultConfigurationName = Release;
		};
		5B1805722103B37000F48E6D /* Build configuration list for PBXNativeTarget "Book" */ = {
			isa = XCConfigurationList;
			buildConfigurations = (
				5B1805732103B37000F48E6D /* Debug */,
				5B1805742103B37000F48E6D /* Release */,
			);
			defaultConfigurationIsVisible = 0;
			defaultConfigurationName = Release;
		};
		5B1805752103B37000F48E6D /* Build configuration list for PBXNativeTarget "BookTests" */ = {
			isa = XCConfigurationList;
			buildConfigurations = (
				5B1805762103B37000F48E6D /* Debug */,
				5B1805772103B37000F48E6D /* Release */,
			);
			defaultConfigurationIsVisible = 0;
			defaultConfigurationName = Release;
		};
/* End XCConfigurationList section */
	};
	rootObject = 5B18054D2103B36F00F48E6D /* Project object */;
}
